{
  "name": "get-admin-posts",
  "version": "1.0.0",
  "lockfileVersion": 1,
  "requires": true,
  "dependencies": {
    "@aws/dynamodb-auto-marshaller": {
      "version": "0.7.1",
      "resolved": "https://registry.npmjs.org/@aws/dynamodb-auto-marshaller/-/dynamodb-auto-marshaller-0.7.1.tgz",
      "integrity": "sha512-LeURlf6/avrfFo9+4Yht9J3CUTJ72yoBpm1FOUmlexuHNW4Ka61tG30w3ZDCXXXmCO2rG0k3ywAgNJEo3WPbyw==",
      "requires": {
        "tslib": "^1.8.1"
      }
    },
    "tslib": {
      "version": "1.13.0",
      "resolved": "https://registry.npmjs.org/tslib/-/tslib-1.13.0.tgz",
      "integrity": "sha512-i/6DQjL8Xf3be4K/E6Wgpekn5Qasl1usyw++dAA35Ue5orEn65VIxOA+YvNNl9HV3qv70T7CNwjODHZrLwvd1Q=="
    }
  }
}
