{
  "name": "register-initiative",
  "version": "1.0.0",
  "lockfileVersion": 1,
  "requires": true,
  "dependencies": {
    "@aws/dynamodb-auto-marshaller": {
      "version": "0.7.1",
      "resolved": "https://registry.npmjs.org/@aws/dynamodb-auto-marshaller/-/dynamodb-auto-marshaller-0.7.1.tgz",
      "integrity": "sha512-LeURlf6/avrfFo9+4Yht9J3CUTJ72yoBpm1FOUmlexuHNW4Ka61tG30w3ZDCXXXmCO2rG0k3ywAgNJEo3WPbyw==",
      "requires": {
        "tslib": "^1.8.1"
      }
    },
    "@tokenizer/token": {
      "version": "0.1.1",
      "resolved": "https://registry.npmjs.org/@tokenizer/token/-/token-0.1.1.tgz",
      "integrity": "sha512-XO6INPbZCxdprl+9qa/AAbFFOMzzwqYxpjPgLICrMD6C2FCw6qfJOPcBk6JqqPLSaZ/Qx87qn4rpPmPMwaAK6w=="
    },
    "@types/debug": {
      "version": "4.1.5",
      "resolved": "https://registry.npmjs.org/@types/debug/-/debug-4.1.5.tgz",
      "integrity": "sha512-Q1y515GcOdTHgagaVFhHnIFQ38ygs/kmxdNpvpou+raI9UO3YZcHDngBSYKQklcKlvA7iuQlmIKbzvmxcOE9CQ=="
    },
    "any-base": {
      "version": "1.1.0",
      "resolved": "https://registry.npmjs.org/any-base/-/any-base-1.1.0.tgz",
      "integrity": "sha512-uMgjozySS8adZZYePpaWs8cxB9/kdzmpX6SgJZ+wbz1K5eYk5QMYDVJaZKhxyIHUdnnJkfR7SVgStgH7LkGUyg=="
    },
    "charenc": {
      "version": "0.0.2",
      "resolved": "https://registry.npmjs.org/charenc/-/charenc-0.0.2.tgz",
      "integrity": "sha1-wKHS86cJLgN3S/qD8UwPxXkKhmc="
    },
    "crypt": {
      "version": "0.0.2",
      "resolved": "https://registry.npmjs.org/crypt/-/crypt-0.0.2.tgz",
      "integrity": "sha1-iNf/fsDfuG9xPch7u0LQRNPmxBs="
    },
    "file-type": {
      "version": "14.7.1",
      "resolved": "https://registry.npmjs.org/file-type/-/file-type-14.7.1.tgz",
      "integrity": "sha512-sXAMgFk67fQLcetXustxfKX+PZgHIUFn96Xld9uH8aXPdX3xOp0/jg9OdouVTvQrf7mrn+wAa4jN/y9fUOOiRA==",
      "requires": {
        "readable-web-to-node-stream": "^2.0.0",
        "strtok3": "^6.0.3",
        "token-types": "^2.0.0",
        "typedarray-to-buffer": "^3.1.5"
      }
    },
    "ieee754": {
      "version": "1.1.13",
      "resolved": "https://registry.npmjs.org/ieee754/-/ieee754-1.1.13.tgz",
      "integrity": "sha512-4vf7I2LYV/HaWerSo3XmlMkp5eZ83i+/CDluXi/IGTs/O1sejBNhTtnxzmRZfvOUqj7lZjqHkeTvpgSFDlWZTg=="
    },
    "is-typedarray": {
      "version": "1.0.0",
      "resolved": "https://registry.npmjs.org/is-typedarray/-/is-typedarray-1.0.0.tgz",
      "integrity": "sha1-5HnICFjfDBsR3dppQPlgEfzaSpo="
    },
    "peek-readable": {
      "version": "3.1.0",
      "resolved": "https://registry.npmjs.org/peek-readable/-/peek-readable-3.1.0.tgz",
      "integrity": "sha512-KGuODSTV6hcgdZvDrIDBUkN0utcAVj1LL7FfGbM0viKTtCHmtZcuEJ+lGqsp0fTFkGqesdtemV2yUSMeyy3ddA=="
    },
    "readable-web-to-node-stream": {
      "version": "2.0.0",
      "resolved": "https://registry.npmjs.org/readable-web-to-node-stream/-/readable-web-to-node-stream-2.0.0.tgz",
      "integrity": "sha512-+oZJurc4hXpaaqsN68GoZGQAQIA3qr09Or4fqEsargABnbe5Aau8hFn6ISVleT3cpY/0n/8drn7huyyEvTbghA=="
    },
    "sha1": {
      "version": "1.1.1",
      "resolved": "https://registry.npmjs.org/sha1/-/sha1-1.1.1.tgz",
      "integrity": "sha1-rdqnqTFo85PxnrKxUJFhjicA+Eg=",
      "requires": {
        "charenc": ">= 0.0.1",
        "crypt": ">= 0.0.1"
      }
    },
    "short-uuid": {
      "version": "3.1.1",
      "resolved": "https://registry.npmjs.org/short-uuid/-/short-uuid-3.1.1.tgz",
      "integrity": "sha512-7dI69xtJYpTIbg44R6JSgrbDtZFuZ9vAwwmnF/L0PinykbFrhQ7V8omKsQcVw1TP0nYJ7uQp1PN6/aVMkzQFGQ==",
      "requires": {
        "any-base": "^1.1.0",
        "uuid": "^3.3.2"
      }
    },
    "strtok3": {
      "version": "6.0.4",
      "resolved": "https://registry.npmjs.org/strtok3/-/strtok3-6.0.4.tgz",
      "integrity": "sha512-rqWMKwsbN9APU47bQTMEYTPcwdpKDtmf1jVhHzNW2cL1WqAxaM9iBb9t5P2fj+RV2YsErUWgQzHD5JwV0uCTEQ==",
      "requires": {
        "@tokenizer/token": "^0.1.1",
        "@types/debug": "^4.1.5",
        "peek-readable": "^3.1.0"
      }
    },
    "token-types": {
      "version": "2.0.0",
      "resolved": "https://registry.npmjs.org/token-types/-/token-types-2.0.0.tgz",
      "integrity": "sha512-WWvu8sGK8/ZmGusekZJJ5NM6rRVTTDO7/bahz4NGiSDb/XsmdYBn6a1N/bymUHuWYTWeuLUg98wUzvE4jPdCZw==",
      "requires": {
        "@tokenizer/token": "^0.1.0",
        "ieee754": "^1.1.13"
      }
    },
    "tslib": {
      "version": "1.13.0",
      "resolved": "https://registry.npmjs.org/tslib/-/tslib-1.13.0.tgz",
      "integrity": "sha512-i/6DQjL8Xf3be4K/E6Wgpekn5Qasl1usyw++dAA35Ue5orEn65VIxOA+YvNNl9HV3qv70T7CNwjODHZrLwvd1Q=="
    },
    "typedarray-to-buffer": {
      "version": "3.1.5",
      "resolved": "https://registry.npmjs.org/typedarray-to-buffer/-/typedarray-to-buffer-3.1.5.tgz",
      "integrity": "sha512-zdu8XMNEDepKKR+XYOXAVPtWui0ly0NtohUscw+UmaHiAWT8hrV1rr//H6V+0DvJ3OQ19S979M0laLfX8rm82Q==",
      "requires": {
        "is-typedarray": "^1.0.0"
      }
    },
    "uuid": {
      "version": "3.4.0",
      "resolved": "https://registry.npmjs.org/uuid/-/uuid-3.4.0.tgz",
      "integrity": "sha512-HjSDRw6gZE5JMggctHBcjVak08+KEVhSIiDzFnT9S9aegmp85S/bReBVTb4QTFaRNptJ9kuYaNhnbNEOkbKb/A=="
    }
  }
}
